// !$*UTF8*$!
{
	archiveVersion = 1;
	classes = {
	};
	objectVersion = 54;
	objects = {

/* Begin PBXBuildFile section */
		232A85DA1D6BDFCA00048DF7 /* DeviceAPIClient.swift in Sources */ = {isa = PBXBuildFile; fileRef = 232A85D91D6BDFCA00048DF7 /* DeviceAPIClient.swift */; };
		2331C01A1DD5FC6F0047F1D4 /* Data+Base64URL.swift in Sources */ = {isa = PBXBuildFile; fileRef = 2331C0191DD5FC6F0047F1D4 /* Data+Base64URL.swift */; };
		233F75271D92F27000B8C15C /* Notification.swift in Sources */ = {isa = PBXBuildFile; fileRef = 233F75261D92F27000B8C15C /* Notification.swift */; };
		233F75291D93076600B8C15C /* NotificationSpec.swift in Sources */ = {isa = PBXBuildFile; fileRef = 233F75281D93076600B8C15C /* NotificationSpec.swift */; };
		234004EF1D909C91009AB77C /* Base32.swift in Sources */ = {isa = PBXBuildFile; fileRef = 234004EE1D909C91009AB77C /* Base32.swift */; };
		234B25B21D9DA37D00078FA0 /* NotificationController.swift in Sources */ = {isa = PBXBuildFile; fileRef = 234B25B11D9DA37D00078FA0 /* NotificationController.swift */; };
		2356C82E1D88998A00B6C84A /* EnrollRequest.swift in Sources */ = {isa = PBXBuildFile; fileRef = 2356C82D1D88998A00B6C84A /* EnrollRequest.swift */; };
		2356C8301D88A10600B6C84A /* GuardianSpec.swift in Sources */ = {isa = PBXBuildFile; fileRef = 2356C82F1D88A10600B6C84A /* GuardianSpec.swift */; };
		237246751D7DC63B00CCF635 /* Guardian.swift in Sources */ = {isa = PBXBuildFile; fileRef = 237246741D7DC63B00CCF635 /* Guardian.swift */; };
		2374A9E41D670F5900737F2E /* APIClient.swift in Sources */ = {isa = PBXBuildFile; fileRef = 2374A9E01D670F5900737F2E /* APIClient.swift */; };
		2374A9EB1D67175200737F2E /* APIClientSpec.swift in Sources */ = {isa = PBXBuildFile; fileRef = 2374A9EA1D67175200737F2E /* APIClientSpec.swift */; };
		2374A9EF1D672ABD00737F2E /* Result.swift in Sources */ = {isa = PBXBuildFile; fileRef = 2374A9EE1D672ABD00737F2E /* Result.swift */; };
		2374A9F31D672E4F00737F2E /* Responses.swift in Sources */ = {isa = PBXBuildFile; fileRef = 2374A9F21D672E4F00737F2E /* Responses.swift */; };
		2374A9F51D67339E00737F2E /* Matchers.swift in Sources */ = {isa = PBXBuildFile; fileRef = 2374A9F41D67339E00737F2E /* Matchers.swift */; };
		2377A6411D806D9900D6FB04 /* DeviceAPI.swift in Sources */ = {isa = PBXBuildFile; fileRef = 2377A6401D806D9900D6FB04 /* DeviceAPI.swift */; };
		2377A6431D806DFA00D6FB04 /* API.swift in Sources */ = {isa = PBXBuildFile; fileRef = 2377A6421D806DFA00D6FB04 /* API.swift */; };
		23C67AEC1D81D6A400A38A2E /* MockNSURLSession.swift in Sources */ = {isa = PBXBuildFile; fileRef = 23C67AEB1D81D6A400A38A2E /* MockNSURLSession.swift */; };
		23C67AEE1D81EF5300A38A2E /* EnrolledDevice.swift in Sources */ = {isa = PBXBuildFile; fileRef = 23C67AED1D81EF5300A38A2E /* EnrolledDevice.swift */; };
		23D3E4401D91BEA200F3FDE2 /* Base32Spec.swift in Sources */ = {isa = PBXBuildFile; fileRef = 23D3E43F1D91BEA200F3FDE2 /* Base32Spec.swift */; };
		23FE50831D949EC400407A1D /* Guardian.framework in Frameworks */ = {isa = PBXBuildFile; fileRef = 5F2037CD1D5E1E3E0005D2E2 /* Guardian.framework */; };
		23FE50841D949EC400407A1D /* Guardian.framework in Embed Frameworks */ = {isa = PBXBuildFile; fileRef = 5F2037CD1D5E1E3E0005D2E2 /* Guardian.framework */; settings = {ATTRIBUTES = (CodeSignOnCopy, RemoveHeadersOnCopy, ); }; };
		5C19E55D266515A600F167EC /* SimpleKeychain.xcframework in Frameworks */ = {isa = PBXBuildFile; fileRef = 5C19E55B266515A600F167EC /* SimpleKeychain.xcframework */; };
		5C19E55E266515A600F167EC /* SimpleKeychain.xcframework in Embed Frameworks */ = {isa = PBXBuildFile; fileRef = 5C19E55B266515A600F167EC /* SimpleKeychain.xcframework */; settings = {ATTRIBUTES = (CodeSignOnCopy, RemoveHeadersOnCopy, ); }; };
		5C19E564266515D100F167EC /* Nimble.xcframework in Frameworks */ = {isa = PBXBuildFile; fileRef = 5C19E561266515D000F167EC /* Nimble.xcframework */; };
		5C19E566266515D100F167EC /* Quick.xcframework in Frameworks */ = {isa = PBXBuildFile; fileRef = 5C19E563266515D100F167EC /* Quick.xcframework */; };
		5C19E567266515DF00F167EC /* Nimble.xcframework in CopyFiles */ = {isa = PBXBuildFile; fileRef = 5C19E561266515D000F167EC /* Nimble.xcframework */; settings = {ATTRIBUTES = (CodeSignOnCopy, RemoveHeadersOnCopy, ); }; };
		5C19E569266515DF00F167EC /* Quick.xcframework in CopyFiles */ = {isa = PBXBuildFile; fileRef = 5C19E563266515D100F167EC /* Quick.xcframework */; settings = {ATTRIBUTES = (CodeSignOnCopy, RemoveHeadersOnCopy, ); }; };
		5F07A58521092C7D00819FA2 /* ClientInfo.swift in Sources */ = {isa = PBXBuildFile; fileRef = 5F07A58421092C7D00819FA2 /* ClientInfo.swift */; };
		5F07A58721092F2300819FA2 /* ClientInfoSpec.swift in Sources */ = {isa = PBXBuildFile; fileRef = 5F07A58621092F2300819FA2 /* ClientInfoSpec.swift */; };
		5F07A589210A57C200819FA2 /* Events.swift in Sources */ = {isa = PBXBuildFile; fileRef = 5F07A588210A57C200819FA2 /* Events.swift */; };
		5F07A58B210A6D5A00819FA2 /* Additions.swift in Sources */ = {isa = PBXBuildFile; fileRef = 5F07A58A210A6D5A00819FA2 /* Additions.swift */; };
		5F07A58D210A6DF000819FA2 /* CodableAdditions.swift in Sources */ = {isa = PBXBuildFile; fileRef = 5F07A58C210A6DF000819FA2 /* CodableAdditions.swift */; };
		5F07A58F210A6E5900819FA2 /* NoContent.swift in Sources */ = {isa = PBXBuildFile; fileRef = 5F07A58E210A6E5900819FA2 /* NoContent.swift */; };
		5F07A591210A6E8400819FA2 /* NetworkError.swift in Sources */ = {isa = PBXBuildFile; fileRef = 5F07A590210A6E8400819FA2 /* NetworkError.swift */; };
		5F07A593210F567900819FA2 /* State.swift in Sources */ = {isa = PBXBuildFile; fileRef = 5F07A592210F567900819FA2 /* State.swift */; };
		5F07A597210F672200819FA2 /* NoContentDecoder.swift in Sources */ = {isa = PBXBuildFile; fileRef = 5F07A596210F672200819FA2 /* NoContentDecoder.swift */; };
		5F07A599210F6D1900819FA2 /* Operation.swift in Sources */ = {isa = PBXBuildFile; fileRef = 5F07A598210F6D1900819FA2 /* Operation.swift */; };
		5F07A59B210F779300819FA2 /* Request.swift in Sources */ = {isa = PBXBuildFile; fileRef = 5F07A59A210F779300819FA2 /* Request.swift */; };
		5F07A59D210F849E00819FA2 /* GuardianError.swift in Sources */ = {isa = PBXBuildFile; fileRef = 5F07A59C210F849E00819FA2 /* GuardianError.swift */; };
		5F07A5A0210F989100819FA2 /* EnrolledDeviceSpec.swift in Sources */ = {isa = PBXBuildFile; fileRef = 5F07A59F210F989100819FA2 /* EnrolledDeviceSpec.swift */; };
		5F07A5A3210F9A1200819FA2 /* NoContentSpec.swift in Sources */ = {isa = PBXBuildFile; fileRef = 5F07A5A2210F9A1200819FA2 /* NoContentSpec.swift */; };
		5F07A5A6210F9C6C00819FA2 /* NoContentDecoderSpec.swift in Sources */ = {isa = PBXBuildFile; fileRef = 5F07A5A5210F9C6C00819FA2 /* NoContentDecoderSpec.swift */; };
		5F07A5A8210FA08B00819FA2 /* RequestSpec.swift in Sources */ = {isa = PBXBuildFile; fileRef = 5F07A5A7210FA08B00819FA2 /* RequestSpec.swift */; };
		5F07A5AA210FAF9600819FA2 /* JWT.swift in Sources */ = {isa = PBXBuildFile; fileRef = 5F07A5A9210FAF9600819FA2 /* JWT.swift */; };
		5F07A5AC210FD09F00819FA2 /* GuardianErrorSpec.swift in Sources */ = {isa = PBXBuildFile; fileRef = 5F07A5AB210FD09F00819FA2 /* GuardianErrorSpec.swift */; };
		5F07A5AE2110C2C100819FA2 /* Models.swift in Sources */ = {isa = PBXBuildFile; fileRef = 5F07A5AD2110C2C100819FA2 /* Models.swift */; };
		5F1604C321062BEA00B0F25B /* RSA+Utils.swift in Sources */ = {isa = PBXBuildFile; fileRef = 5F1604C221062BEA00B0F25B /* RSA+Utils.swift */; };
		5F1604C5210636B500B0F25B /* ASNPublicKeyDecodable.swift in Sources */ = {isa = PBXBuildFile; fileRef = 5F1604C4210636B500B0F25B /* ASNPublicKeyDecodable.swift */; };
		5F1604C721063FA000B0F25B /* Keys+Generation.swift in Sources */ = {isa = PBXBuildFile; fileRef = 5F1604C621063FA000B0F25B /* Keys+Generation.swift */; };
		5F1604C92106493600B0F25B /* SigningKeyStorageSpec.swift in Sources */ = {isa = PBXBuildFile; fileRef = 5F1604C82106493600B0F25B /* SigningKeyStorageSpec.swift */; };
		5F1604D3210661D700B0F25B /* KeychainRSAPrivateKeyCreationSpec.swift in Sources */ = {isa = PBXBuildFile; fileRef = 5F1604D2210661D700B0F25B /* KeychainRSAPrivateKeyCreationSpec.swift */; };
		5F1604D5210662CF00B0F25B /* DataRSAPrivateKeyCreationSpec.swift in Sources */ = {isa = PBXBuildFile; fileRef = 5F1604D4210662CF00B0F25B /* DataRSAPrivateKeyCreationSpec.swift */; };
		5F1604E421066A4F00B0F25B /* guardian-test.private.pem in Resources */ = {isa = PBXBuildFile; fileRef = 5F1604DF21066A4F00B0F25B /* guardian-test.private.pem */; };
		5F1604E521066A4F00B0F25B /* guardian-test.public.pem in Resources */ = {isa = PBXBuildFile; fileRef = 5F1604E021066A4F00B0F25B /* guardian-test.public.pem */; };
		5F1604E621066A4F00B0F25B /* guardian-test.public.json in Resources */ = {isa = PBXBuildFile; fileRef = 5F1604E121066A4F00B0F25B /* guardian-test.public.json */; };
		5F1604E821066A4F00B0F25B /* README.md in Resources */ = {isa = PBXBuildFile; fileRef = 5F1604E321066A4F00B0F25B /* README.md */; };
		5F1604EA21066B2B00B0F25B /* Keys+Utils.swift in Sources */ = {isa = PBXBuildFile; fileRef = 5F1604E921066B2B00B0F25B /* Keys+Utils.swift */; };
		5F1604EC2106709B00B0F25B /* DataRSAPrivateKeySpec.swift in Sources */ = {isa = PBXBuildFile; fileRef = 5F1604EB2106709B00B0F25B /* DataRSAPrivateKeySpec.swift */; };
		5F1604EE210673E700B0F25B /* ASNPublicKeyDecodableSpec.swift in Sources */ = {isa = PBXBuildFile; fileRef = 5F1604ED210673E700B0F25B /* ASNPublicKeyDecodableSpec.swift */; };
		5F1604F02106831C00B0F25B /* AsymmetricPublicKeySpec.swift in Sources */ = {isa = PBXBuildFile; fileRef = 5F1604EF2106831C00B0F25B /* AsymmetricPublicKeySpec.swift */; };
		5F1604F22106855F00B0F25B /* KeychainRSAPrivateKeySpec.swift in Sources */ = {isa = PBXBuildFile; fileRef = 5F1604F12106855F00B0F25B /* KeychainRSAPrivateKeySpec.swift */; };
		5F1604F421068FCC00B0F25B /* AuthenticationDevice.swift in Sources */ = {isa = PBXBuildFile; fileRef = 5F1604F321068FCC00B0F25B /* AuthenticationDevice.swift */; };
		5F1604F72107A93D00B0F25B /* OneTimePasswordGenerator.swift in Sources */ = {isa = PBXBuildFile; fileRef = 5F1604F62107A93D00B0F25B /* OneTimePasswordGenerator.swift */; };
		5F1604FB2107AF2800B0F25B /* OneTimePasswordGeneratorSpec.swift in Sources */ = {isa = PBXBuildFile; fileRef = 5F1604FA2107AF2800B0F25B /* OneTimePasswordGeneratorSpec.swift */; };
		5F1DB45B1DA4649600264437 /* Authentication.swift in Sources */ = {isa = PBXBuildFile; fileRef = 5F1DB45A1DA4649600264437 /* Authentication.swift */; };
		5F1DB45F1DA4757800264437 /* Constants.swift in Sources */ = {isa = PBXBuildFile; fileRef = 5F1DB45E1DA4757800264437 /* Constants.swift */; };
		5F2037D11D5E1E3E0005D2E2 /* Guardian.h in Headers */ = {isa = PBXBuildFile; fileRef = 5F2037D01D5E1E3E0005D2E2 /* Guardian.h */; settings = {ATTRIBUTES = (Public, ); }; };
		5F2037D81D5E1E3E0005D2E2 /* Guardian.framework in Frameworks */ = {isa = PBXBuildFile; fileRef = 5F2037CD1D5E1E3E0005D2E2 /* Guardian.framework */; };
		5F2037EE1D5E22590005D2E2 /* AppDelegate.swift in Sources */ = {isa = PBXBuildFile; fileRef = 5F2037ED1D5E22590005D2E2 /* AppDelegate.swift */; };
		5F2037F01D5E22590005D2E2 /* ViewController.swift in Sources */ = {isa = PBXBuildFile; fileRef = 5F2037EF1D5E22590005D2E2 /* ViewController.swift */; };
		5F2037F31D5E22590005D2E2 /* Main.storyboard in Resources */ = {isa = PBXBuildFile; fileRef = 5F2037F11D5E22590005D2E2 /* Main.storyboard */; };
		5F2037F51D5E22590005D2E2 /* Assets.xcassets in Resources */ = {isa = PBXBuildFile; fileRef = 5F2037F41D5E22590005D2E2 /* Assets.xcassets */; };
		5F2037F81D5E22590005D2E2 /* LaunchScreen.storyboard in Resources */ = {isa = PBXBuildFile; fileRef = 5F2037F61D5E22590005D2E2 /* LaunchScreen.storyboard */; };
		5F6133892101273300BCC182 /* AuthenticationCategory.swift in Sources */ = {isa = PBXBuildFile; fileRef = 5F6133882101273300BCC182 /* AuthenticationCategory.swift */; };
		5F61338B2101286200BCC182 /* AuthenticationNotification.swift in Sources */ = {isa = PBXBuildFile; fileRef = 5F61338A2101286200BCC182 /* AuthenticationNotification.swift */; };
		5F61338D2101289E00BCC182 /* AuthenticationSource.swift in Sources */ = {isa = PBXBuildFile; fileRef = 5F61338C2101289E00BCC182 /* AuthenticationSource.swift */; };
		5F61338F210128C800BCC182 /* AuthenticationLocation.swift in Sources */ = {isa = PBXBuildFile; fileRef = 5F61338E210128C800BCC182 /* AuthenticationLocation.swift */; };
		5F7969341DDABDDE006AC7BA /* AuthenticationSpec.swift in Sources */ = {isa = PBXBuildFile; fileRef = 5F1DB45C1DA4750F00264437 /* AuthenticationSpec.swift */; };
		5F7969371DDAC074006AC7BA /* JWTSpec.swift in Sources */ = {isa = PBXBuildFile; fileRef = 2331BFEC1DD52ED50047F1D4 /* JWTSpec.swift */; };
		5FAE672121024CDA00F149A3 /* Keys.swift in Sources */ = {isa = PBXBuildFile; fileRef = 5FAE672021024CDA00F149A3 /* Keys.swift */; };
		5FAE67252102509600F149A3 /* KeychainRSAPrivateKey.swift in Sources */ = {isa = PBXBuildFile; fileRef = 5FAE67242102509600F149A3 /* KeychainRSAPrivateKey.swift */; };
		5FAE6727210250D000F149A3 /* DataRSAPrivateKey.swift in Sources */ = {isa = PBXBuildFile; fileRef = 5FAE6726210250D000F149A3 /* DataRSAPrivateKey.swift */; };
		5FAE6729210250E300F149A3 /* AsymmetricPublicKey.swift in Sources */ = {isa = PBXBuildFile; fileRef = 5FAE6728210250E300F149A3 /* AsymmetricPublicKey.swift */; };
		5FF42BA521091AD10082459F /* NetworkOperation.swift in Sources */ = {isa = PBXBuildFile; fileRef = 5FF42BA421091AD10082459F /* NetworkOperation.swift */; };
		5FF42BA821091F150082459F /* NetworkOperationSpec.swift in Sources */ = {isa = PBXBuildFile; fileRef = 5FF42BA721091F150082459F /* NetworkOperationSpec.swift */; };
		AB58F6102CF9EE4A00E642F6 /* ConsentAPI.swift in Sources */ = {isa = PBXBuildFile; fileRef = AB58F60E2CF9EE4A00E642F6 /* ConsentAPI.swift */; };
		AB58F6112CF9EE4A00E642F6 /* ConsentAPIClient.swift in Sources */ = {isa = PBXBuildFile; fileRef = AB58F60F2CF9EE4A00E642F6 /* ConsentAPIClient.swift */; };
		AB9381852D03359700C47B1E /* ConsentSpec.swift in Sources */ = {isa = PBXBuildFile; fileRef = AB9381842D03359700C47B1E /* ConsentSpec.swift */; };
		ED1E39A52B7E6C1300E8609A /* MockURLProtocol.swift in Sources */ = {isa = PBXBuildFile; fileRef = ED1E39A42B7E6C1300E8609A /* MockURLProtocol.swift */; };
		ED1E39A72B822A2500E8609A /* MockURLResponse.swift in Sources */ = {isa = PBXBuildFile; fileRef = ED1E39A62B822A2500E8609A /* MockURLResponse.swift */; };
		ED1E39A92B82A9B100E8609A /* MockURLProtocolCondition.swift in Sources */ = {isa = PBXBuildFile; fileRef = ED1E39A82B82A9B100E8609A /* MockURLProtocolCondition.swift */; };
		ED7B279F2B682A2700788920 /* QRCodeReaderViewController.swift in Sources */ = {isa = PBXBuildFile; fileRef = ED7B279E2B682A2700788920 /* QRCodeReaderViewController.swift */; };
		ED9C56802C8740E700FCB048 /* A0HMAC.swift in Sources */ = {isa = PBXBuildFile; fileRef = ED9C567E2C87297900FCB048 /* A0HMAC.swift */; };
		ED9C56842C87437C00FCB048 /* A0RSA.swift in Sources */ = {isa = PBXBuildFile; fileRef = ED9C56832C87437C00FCB048 /* A0RSA.swift */; };
		ED9C56862C874A7C00FCB048 /* A0SHA.swift in Sources */ = {isa = PBXBuildFile; fileRef = ED9C56852C874A7C00FCB048 /* A0SHA.swift */; };
		EDABB9212BA1CB8700623911 /* PrivacyInfo.xcprivacy in Resources */ = {isa = PBXBuildFile; fileRef = EDABB91E2BA0CB6C00623911 /* PrivacyInfo.xcprivacy */; };
/* End PBXBuildFile section */

/* Begin PBXContainerItemProxy section */
		2331C0341DD6574C0047F1D4 /* PBXContainerItemProxy */ = {
			isa = PBXContainerItemProxy;
			containerPortal = 5F2037C41D5E1E3E0005D2E2 /* Project object */;
			proxyType = 1;
			remoteGlobalIDString = 5F2037EA1D5E22590005D2E2;
			remoteInfo = GuardianApp;
		};
		5F2037D91D5E1E3E0005D2E2 /* PBXContainerItemProxy */ = {
			isa = PBXContainerItemProxy;
			containerPortal = 5F2037C41D5E1E3E0005D2E2 /* Project object */;
			proxyType = 1;
			remoteGlobalIDString = 5F2037CC1D5E1E3E0005D2E2;
			remoteInfo = Guardian;
		};
		5F2038041D5E40D00005D2E2 /* PBXContainerItemProxy */ = {
			isa = PBXContainerItemProxy;
			containerPortal = 5F2037C41D5E1E3E0005D2E2 /* Project object */;
			proxyType = 1;
			remoteGlobalIDString = 5F2037CC1D5E1E3E0005D2E2;
			remoteInfo = Guardian;
		};
/* End PBXContainerItemProxy section */

/* Begin PBXCopyFilesBuildPhase section */
		23FE50851D949EC400407A1D /* Embed Frameworks */ = {
			isa = PBXCopyFilesBuildPhase;
			buildActionMask = 2147483647;
			dstPath = "";
			dstSubfolderSpec = 10;
			files = (
				23FE50841D949EC400407A1D /* Guardian.framework in Embed Frameworks */,
				5C19E55E266515A600F167EC /* SimpleKeychain.xcframework in Embed Frameworks */,
			);
			name = "Embed Frameworks";
			runOnlyForDeploymentPostprocessing = 0;
		};
		5F2038071D5E40E20005D2E2 /* CopyFiles */ = {
			isa = PBXCopyFilesBuildPhase;
			buildActionMask = 2147483647;
			dstPath = "";
			dstSubfolderSpec = 10;
			files = (
				5C19E567266515DF00F167EC /* Nimble.xcframework in CopyFiles */,
				5C19E569266515DF00F167EC /* Quick.xcframework in CopyFiles */,
			);
			runOnlyForDeploymentPostprocessing = 0;
		};
/* End PBXCopyFilesBuildPhase section */

/* Begin PBXFileReference section */
		232A85D91D6BDFCA00048DF7 /* DeviceAPIClient.swift */ = {isa = PBXFileReference; fileEncoding = 4; lastKnownFileType = sourcecode.swift; lineEnding = 0; path = DeviceAPIClient.swift; sourceTree = "<group>"; xcLanguageSpecificationIdentifier = xcode.lang.swift; };
		2331BFEC1DD52ED50047F1D4 /* JWTSpec.swift */ = {isa = PBXFileReference; fileEncoding = 4; lastKnownFileType = sourcecode.swift; path = JWTSpec.swift; sourceTree = "<group>"; };
		2331C0191DD5FC6F0047F1D4 /* Data+Base64URL.swift */ = {isa = PBXFileReference; fileEncoding = 4; lastKnownFileType = sourcecode.swift; path = "Data+Base64URL.swift"; sourceTree = "<group>"; };
		233F75261D92F27000B8C15C /* Notification.swift */ = {isa = PBXFileReference; fileEncoding = 4; lastKnownFileType = sourcecode.swift; lineEnding = 0; path = Notification.swift; sourceTree = "<group>"; xcLanguageSpecificationIdentifier = xcode.lang.swift; };
		233F75281D93076600B8C15C /* NotificationSpec.swift */ = {isa = PBXFileReference; fileEncoding = 4; lastKnownFileType = sourcecode.swift; path = NotificationSpec.swift; sourceTree = "<group>"; };
		234004EE1D909C91009AB77C /* Base32.swift */ = {isa = PBXFileReference; fileEncoding = 4; lastKnownFileType = sourcecode.swift; path = Base32.swift; sourceTree = "<group>"; };
		234B25AD1D9D554800078FA0 /* GuardianApp.entitlements */ = {isa = PBXFileReference; lastKnownFileType = text.plist.entitlements; path = GuardianApp.entitlements; sourceTree = "<group>"; };
		234B25B11D9DA37D00078FA0 /* NotificationController.swift */ = {isa = PBXFileReference; fileEncoding = 4; lastKnownFileType = sourcecode.swift; path = NotificationController.swift; sourceTree = "<group>"; };
		2356C82D1D88998A00B6C84A /* EnrollRequest.swift */ = {isa = PBXFileReference; fileEncoding = 4; lastKnownFileType = sourcecode.swift; path = EnrollRequest.swift; sourceTree = "<group>"; };
		2356C82F1D88A10600B6C84A /* GuardianSpec.swift */ = {isa = PBXFileReference; fileEncoding = 4; lastKnownFileType = sourcecode.swift; path = GuardianSpec.swift; sourceTree = "<group>"; };
		237246741D7DC63B00CCF635 /* Guardian.swift */ = {isa = PBXFileReference; fileEncoding = 4; lastKnownFileType = sourcecode.swift; path = Guardian.swift; sourceTree = "<group>"; };
		2374A9E01D670F5900737F2E /* APIClient.swift */ = {isa = PBXFileReference; fileEncoding = 4; lastKnownFileType = sourcecode.swift; path = APIClient.swift; sourceTree = "<group>"; };
		2374A9EA1D67175200737F2E /* APIClientSpec.swift */ = {isa = PBXFileReference; fileEncoding = 4; lastKnownFileType = sourcecode.swift; path = APIClientSpec.swift; sourceTree = "<group>"; };
		2374A9EE1D672ABD00737F2E /* Result.swift */ = {isa = PBXFileReference; fileEncoding = 4; lastKnownFileType = sourcecode.swift; path = Result.swift; sourceTree = "<group>"; };
		2374A9F21D672E4F00737F2E /* Responses.swift */ = {isa = PBXFileReference; fileEncoding = 4; lastKnownFileType = sourcecode.swift; path = Responses.swift; sourceTree = "<group>"; };
		2374A9F41D67339E00737F2E /* Matchers.swift */ = {isa = PBXFileReference; fileEncoding = 4; lastKnownFileType = sourcecode.swift; lineEnding = 0; path = Matchers.swift; sourceTree = "<group>"; };
		2377A6401D806D9900D6FB04 /* DeviceAPI.swift */ = {isa = PBXFileReference; fileEncoding = 4; lastKnownFileType = sourcecode.swift; path = DeviceAPI.swift; sourceTree = "<group>"; };
		2377A6421D806DFA00D6FB04 /* API.swift */ = {isa = PBXFileReference; fileEncoding = 4; lastKnownFileType = sourcecode.swift; path = API.swift; sourceTree = "<group>"; };
		23C67AEB1D81D6A400A38A2E /* MockNSURLSession.swift */ = {isa = PBXFileReference; fileEncoding = 4; lastKnownFileType = sourcecode.swift; path = MockNSURLSession.swift; sourceTree = "<group>"; };
		23C67AED1D81EF5300A38A2E /* EnrolledDevice.swift */ = {isa = PBXFileReference; fileEncoding = 4; lastKnownFileType = sourcecode.swift; path = EnrolledDevice.swift; sourceTree = "<group>"; };
		23D3E43F1D91BEA200F3FDE2 /* Base32Spec.swift */ = {isa = PBXFileReference; fileEncoding = 4; lastKnownFileType = sourcecode.swift; path = Base32Spec.swift; sourceTree = "<group>"; };
		5C19E55B266515A600F167EC /* SimpleKeychain.xcframework */ = {isa = PBXFileReference; lastKnownFileType = wrapper.xcframework; name = SimpleKeychain.xcframework; path = Carthage/Build/SimpleKeychain.xcframework; sourceTree = "<group>"; };
		5C19E561266515D000F167EC /* Nimble.xcframework */ = {isa = PBXFileReference; lastKnownFileType = wrapper.xcframework; name = Nimble.xcframework; path = Carthage/Build/Nimble.xcframework; sourceTree = "<group>"; };
		5C19E563266515D100F167EC /* Quick.xcframework */ = {isa = PBXFileReference; lastKnownFileType = wrapper.xcframework; name = Quick.xcframework; path = Carthage/Build/Quick.xcframework; sourceTree = "<group>"; };
		5F07A58421092C7D00819FA2 /* ClientInfo.swift */ = {isa = PBXFileReference; lastKnownFileType = sourcecode.swift; path = ClientInfo.swift; sourceTree = "<group>"; };
		5F07A58621092F2300819FA2 /* ClientInfoSpec.swift */ = {isa = PBXFileReference; lastKnownFileType = sourcecode.swift; path = ClientInfoSpec.swift; sourceTree = "<group>"; };
		5F07A588210A57C200819FA2 /* Events.swift */ = {isa = PBXFileReference; lastKnownFileType = sourcecode.swift; path = Events.swift; sourceTree = "<group>"; };
		5F07A58A210A6D5A00819FA2 /* Additions.swift */ = {isa = PBXFileReference; lastKnownFileType = sourcecode.swift; path = Additions.swift; sourceTree = "<group>"; };
		5F07A58C210A6DF000819FA2 /* CodableAdditions.swift */ = {isa = PBXFileReference; lastKnownFileType = sourcecode.swift; path = CodableAdditions.swift; sourceTree = "<group>"; };
		5F07A58E210A6E5900819FA2 /* NoContent.swift */ = {isa = PBXFileReference; lastKnownFileType = sourcecode.swift; path = NoContent.swift; sourceTree = "<group>"; };
		5F07A590210A6E8400819FA2 /* NetworkError.swift */ = {isa = PBXFileReference; lastKnownFileType = sourcecode.swift; path = NetworkError.swift; sourceTree = "<group>"; };
		5F07A592210F567900819FA2 /* State.swift */ = {isa = PBXFileReference; lastKnownFileType = sourcecode.swift; path = State.swift; sourceTree = "<group>"; };
		5F07A596210F672200819FA2 /* NoContentDecoder.swift */ = {isa = PBXFileReference; lastKnownFileType = sourcecode.swift; path = NoContentDecoder.swift; sourceTree = "<group>"; };
		5F07A598210F6D1900819FA2 /* Operation.swift */ = {isa = PBXFileReference; lastKnownFileType = sourcecode.swift; path = Operation.swift; sourceTree = "<group>"; };
		5F07A59A210F779300819FA2 /* Request.swift */ = {isa = PBXFileReference; lastKnownFileType = sourcecode.swift; path = Request.swift; sourceTree = "<group>"; };
		5F07A59C210F849E00819FA2 /* GuardianError.swift */ = {isa = PBXFileReference; lastKnownFileType = sourcecode.swift; path = GuardianError.swift; sourceTree = "<group>"; };
		5F07A59F210F989100819FA2 /* EnrolledDeviceSpec.swift */ = {isa = PBXFileReference; lastKnownFileType = sourcecode.swift; path = EnrolledDeviceSpec.swift; sourceTree = "<group>"; };
		5F07A5A2210F9A1200819FA2 /* NoContentSpec.swift */ = {isa = PBXFileReference; lastKnownFileType = sourcecode.swift; path = NoContentSpec.swift; sourceTree = "<group>"; };
		5F07A5A5210F9C6C00819FA2 /* NoContentDecoderSpec.swift */ = {isa = PBXFileReference; lastKnownFileType = sourcecode.swift; path = NoContentDecoderSpec.swift; sourceTree = "<group>"; };
		5F07A5A7210FA08B00819FA2 /* RequestSpec.swift */ = {isa = PBXFileReference; lastKnownFileType = sourcecode.swift; path = RequestSpec.swift; sourceTree = "<group>"; };
		5F07A5A9210FAF9600819FA2 /* JWT.swift */ = {isa = PBXFileReference; lastKnownFileType = sourcecode.swift; path = JWT.swift; sourceTree = "<group>"; };
		5F07A5AB210FD09F00819FA2 /* GuardianErrorSpec.swift */ = {isa = PBXFileReference; lastKnownFileType = sourcecode.swift; path = GuardianErrorSpec.swift; sourceTree = "<group>"; };
		5F07A5AD2110C2C100819FA2 /* Models.swift */ = {isa = PBXFileReference; lastKnownFileType = sourcecode.swift; path = Models.swift; sourceTree = "<group>"; };
		5F1604C221062BEA00B0F25B /* RSA+Utils.swift */ = {isa = PBXFileReference; lastKnownFileType = sourcecode.swift; path = "RSA+Utils.swift"; sourceTree = "<group>"; };
		5F1604C4210636B500B0F25B /* ASNPublicKeyDecodable.swift */ = {isa = PBXFileReference; lastKnownFileType = sourcecode.swift; path = ASNPublicKeyDecodable.swift; sourceTree = "<group>"; };
		5F1604C621063FA000B0F25B /* Keys+Generation.swift */ = {isa = PBXFileReference; lastKnownFileType = sourcecode.swift; path = "Keys+Generation.swift"; sourceTree = "<group>"; };
		5F1604C82106493600B0F25B /* SigningKeyStorageSpec.swift */ = {isa = PBXFileReference; lastKnownFileType = sourcecode.swift; path = SigningKeyStorageSpec.swift; sourceTree = "<group>"; };
		5F1604D2210661D700B0F25B /* KeychainRSAPrivateKeyCreationSpec.swift */ = {isa = PBXFileReference; lastKnownFileType = sourcecode.swift; path = KeychainRSAPrivateKeyCreationSpec.swift; sourceTree = "<group>"; };
		5F1604D4210662CF00B0F25B /* DataRSAPrivateKeyCreationSpec.swift */ = {isa = PBXFileReference; lastKnownFileType = sourcecode.swift; path = DataRSAPrivateKeyCreationSpec.swift; sourceTree = "<group>"; };
		5F1604DF21066A4F00B0F25B /* guardian-test.private.pem */ = {isa = PBXFileReference; fileEncoding = 4; lastKnownFileType = text; path = "guardian-test.private.pem"; sourceTree = "<group>"; };
		5F1604E021066A4F00B0F25B /* guardian-test.public.pem */ = {isa = PBXFileReference; fileEncoding = 4; lastKnownFileType = text; path = "guardian-test.public.pem"; sourceTree = "<group>"; };
		5F1604E121066A4F00B0F25B /* guardian-test.public.json */ = {isa = PBXFileReference; fileEncoding = 4; lastKnownFileType = text.json; path = "guardian-test.public.json"; sourceTree = "<group>"; };
		5F1604E321066A4F00B0F25B /* README.md */ = {isa = PBXFileReference; fileEncoding = 4; lastKnownFileType = net.daringfireball.markdown; path = README.md; sourceTree = "<group>"; };
		5F1604E921066B2B00B0F25B /* Keys+Utils.swift */ = {isa = PBXFileReference; lastKnownFileType = sourcecode.swift; path = "Keys+Utils.swift"; sourceTree = "<group>"; };
		5F1604EB2106709B00B0F25B /* DataRSAPrivateKeySpec.swift */ = {isa = PBXFileReference; lastKnownFileType = sourcecode.swift; path = DataRSAPrivateKeySpec.swift; sourceTree = "<group>"; };
		5F1604ED210673E700B0F25B /* ASNPublicKeyDecodableSpec.swift */ = {isa = PBXFileReference; lastKnownFileType = sourcecode.swift; path = ASNPublicKeyDecodableSpec.swift; sourceTree = "<group>"; };
		5F1604EF2106831C00B0F25B /* AsymmetricPublicKeySpec.swift */ = {isa = PBXFileReference; lastKnownFileType = sourcecode.swift; path = AsymmetricPublicKeySpec.swift; sourceTree = "<group>"; };
		5F1604F12106855F00B0F25B /* KeychainRSAPrivateKeySpec.swift */ = {isa = PBXFileReference; lastKnownFileType = sourcecode.swift; path = KeychainRSAPrivateKeySpec.swift; sourceTree = "<group>"; };
		5F1604F321068FCC00B0F25B /* AuthenticationDevice.swift */ = {isa = PBXFileReference; lastKnownFileType = sourcecode.swift; path = AuthenticationDevice.swift; sourceTree = "<group>"; };
		5F1604F62107A93D00B0F25B /* OneTimePasswordGenerator.swift */ = {isa = PBXFileReference; lastKnownFileType = sourcecode.swift; path = OneTimePasswordGenerator.swift; sourceTree = "<group>"; };
		5F1604FA2107AF2800B0F25B /* OneTimePasswordGeneratorSpec.swift */ = {isa = PBXFileReference; lastKnownFileType = sourcecode.swift; path = OneTimePasswordGeneratorSpec.swift; sourceTree = "<group>"; };
		5F1DB45A1DA4649600264437 /* Authentication.swift */ = {isa = PBXFileReference; fileEncoding = 4; lastKnownFileType = sourcecode.swift; path = Authentication.swift; sourceTree = "<group>"; };
		5F1DB45C1DA4750F00264437 /* AuthenticationSpec.swift */ = {isa = PBXFileReference; fileEncoding = 4; lastKnownFileType = sourcecode.swift; path = AuthenticationSpec.swift; sourceTree = "<group>"; };
		5F1DB45E1DA4757800264437 /* Constants.swift */ = {isa = PBXFileReference; fileEncoding = 4; lastKnownFileType = sourcecode.swift; path = Constants.swift; sourceTree = "<group>"; };
		5F2037CD1D5E1E3E0005D2E2 /* Guardian.framework */ = {isa = PBXFileReference; explicitFileType = wrapper.framework; includeInIndex = 0; path = Guardian.framework; sourceTree = BUILT_PRODUCTS_DIR; };
		5F2037D01D5E1E3E0005D2E2 /* Guardian.h */ = {isa = PBXFileReference; lastKnownFileType = sourcecode.c.h; path = Guardian.h; sourceTree = "<group>"; };
		5F2037D21D5E1E3E0005D2E2 /* Info.plist */ = {isa = PBXFileReference; lastKnownFileType = text.plist.xml; path = Info.plist; sourceTree = "<group>"; };
		5F2037D71D5E1E3E0005D2E2 /* GuardianTests.xctest */ = {isa = PBXFileReference; explicitFileType = wrapper.cfbundle; includeInIndex = 0; path = GuardianTests.xctest; sourceTree = BUILT_PRODUCTS_DIR; };
		5F2037DE1D5E1E3E0005D2E2 /* Info.plist */ = {isa = PBXFileReference; lastKnownFileType = text.plist.xml; path = Info.plist; sourceTree = "<group>"; };
		5F2037EB1D5E22590005D2E2 /* GuardianApp.app */ = {isa = PBXFileReference; explicitFileType = wrapper.application; includeInIndex = 0; path = GuardianApp.app; sourceTree = BUILT_PRODUCTS_DIR; };
		5F2037ED1D5E22590005D2E2 /* AppDelegate.swift */ = {isa = PBXFileReference; lastKnownFileType = sourcecode.swift; path = AppDelegate.swift; sourceTree = "<group>"; };
		5F2037EF1D5E22590005D2E2 /* ViewController.swift */ = {isa = PBXFileReference; lastKnownFileType = sourcecode.swift; path = ViewController.swift; sourceTree = "<group>"; };
		5F2037F21D5E22590005D2E2 /* Base */ = {isa = PBXFileReference; lastKnownFileType = file.storyboard; name = Base; path = Base.lproj/Main.storyboard; sourceTree = "<group>"; };
		5F2037F41D5E22590005D2E2 /* Assets.xcassets */ = {isa = PBXFileReference; lastKnownFileType = folder.assetcatalog; path = Assets.xcassets; sourceTree = "<group>"; };
		5F2037F71D5E22590005D2E2 /* Base */ = {isa = PBXFileReference; lastKnownFileType = file.storyboard; name = Base; path = Base.lproj/LaunchScreen.storyboard; sourceTree = "<group>"; };
		5F2037F91D5E22590005D2E2 /* Info.plist */ = {isa = PBXFileReference; lastKnownFileType = text.plist.xml; path = Info.plist; sourceTree = "<group>"; };
		5F20380C1D5E421F0005D2E2 /* Cartfile.resolved */ = {isa = PBXFileReference; lastKnownFileType = text; path = Cartfile.resolved; sourceTree = "<group>"; };
		5F20380D1D5E421F0005D2E2 /* Cartfile.private */ = {isa = PBXFileReference; lastKnownFileType = text; path = Cartfile.private; sourceTree = "<group>"; };
		5F20380E1D5E421F0005D2E2 /* LICENSE */ = {isa = PBXFileReference; lastKnownFileType = text; path = LICENSE; sourceTree = "<group>"; };
		5F20380F1D5E421F0005D2E2 /* README.md */ = {isa = PBXFileReference; lastKnownFileType = net.daringfireball.markdown; path = README.md; sourceTree = "<group>"; };
		5F2038111D5E42AD0005D2E2 /* .gitignore */ = {isa = PBXFileReference; fileEncoding = 4; lastKnownFileType = text; path = .gitignore; sourceTree = "<group>"; };
		5F2038181D5E46210005D2E2 /* Gemfile */ = {isa = PBXFileReference; fileEncoding = 4; lastKnownFileType = text; path = Gemfile; sourceTree = "<group>"; };
		5F6133882101273300BCC182 /* AuthenticationCategory.swift */ = {isa = PBXFileReference; lastKnownFileType = sourcecode.swift; path = AuthenticationCategory.swift; sourceTree = "<group>"; };
		5F61338A2101286200BCC182 /* AuthenticationNotification.swift */ = {isa = PBXFileReference; lastKnownFileType = sourcecode.swift; path = AuthenticationNotification.swift; sourceTree = "<group>"; };
		5F61338C2101289E00BCC182 /* AuthenticationSource.swift */ = {isa = PBXFileReference; lastKnownFileType = sourcecode.swift; path = AuthenticationSource.swift; sourceTree = "<group>"; };
		5F61338E210128C800BCC182 /* AuthenticationLocation.swift */ = {isa = PBXFileReference; lastKnownFileType = sourcecode.swift; path = AuthenticationLocation.swift; sourceTree = "<group>"; };
		5FAE672021024CDA00F149A3 /* Keys.swift */ = {isa = PBXFileReference; lastKnownFileType = sourcecode.swift; path = Keys.swift; sourceTree = "<group>"; };
		5FAE67242102509600F149A3 /* KeychainRSAPrivateKey.swift */ = {isa = PBXFileReference; lastKnownFileType = sourcecode.swift; path = KeychainRSAPrivateKey.swift; sourceTree = "<group>"; };
		5FAE6726210250D000F149A3 /* DataRSAPrivateKey.swift */ = {isa = PBXFileReference; lastKnownFileType = sourcecode.swift; path = DataRSAPrivateKey.swift; sourceTree = "<group>"; };
		5FAE6728210250E300F149A3 /* AsymmetricPublicKey.swift */ = {isa = PBXFileReference; lastKnownFileType = sourcecode.swift; path = AsymmetricPublicKey.swift; sourceTree = "<group>"; };
		5FF42BA421091AD10082459F /* NetworkOperation.swift */ = {isa = PBXFileReference; lastKnownFileType = sourcecode.swift; path = NetworkOperation.swift; sourceTree = "<group>"; };
		5FF42BA721091F150082459F /* NetworkOperationSpec.swift */ = {isa = PBXFileReference; lastKnownFileType = sourcecode.swift; path = NetworkOperationSpec.swift; sourceTree = "<group>"; };
		AB58F60E2CF9EE4A00E642F6 /* ConsentAPI.swift */ = {isa = PBXFileReference; lastKnownFileType = sourcecode.swift; path = ConsentAPI.swift; sourceTree = "<group>"; };
		AB58F60F2CF9EE4A00E642F6 /* ConsentAPIClient.swift */ = {isa = PBXFileReference; lastKnownFileType = sourcecode.swift; path = ConsentAPIClient.swift; sourceTree = "<group>"; };
		AB9381842D03359700C47B1E /* ConsentSpec.swift */ = {isa = PBXFileReference; lastKnownFileType = sourcecode.swift; path = ConsentSpec.swift; sourceTree = "<group>"; };
		ED1E39A42B7E6C1300E8609A /* MockURLProtocol.swift */ = {isa = PBXFileReference; lastKnownFileType = sourcecode.swift; path = MockURLProtocol.swift; sourceTree = "<group>"; };
		ED1E39A62B822A2500E8609A /* MockURLResponse.swift */ = {isa = PBXFileReference; lastKnownFileType = sourcecode.swift; path = MockURLResponse.swift; sourceTree = "<group>"; };
		ED1E39A82B82A9B100E8609A /* MockURLProtocolCondition.swift */ = {isa = PBXFileReference; lastKnownFileType = sourcecode.swift; path = MockURLProtocolCondition.swift; sourceTree = "<group>"; };
		ED7B279E2B682A2700788920 /* QRCodeReaderViewController.swift */ = {isa = PBXFileReference; lastKnownFileType = sourcecode.swift; path = QRCodeReaderViewController.swift; sourceTree = "<group>"; };
		ED8B7C982C7F5AA200CBCF8C /* Package.swift */ = {isa = PBXFileReference; lastKnownFileType = sourcecode.swift; path = Package.swift; sourceTree = "<group>"; };
		ED9C567E2C87297900FCB048 /* A0HMAC.swift */ = {isa = PBXFileReference; lastKnownFileType = sourcecode.swift; path = A0HMAC.swift; sourceTree = "<group>"; };
		ED9C56832C87437C00FCB048 /* A0RSA.swift */ = {isa = PBXFileReference; lastKnownFileType = sourcecode.swift; path = A0RSA.swift; sourceTree = "<group>"; };
		ED9C56852C874A7C00FCB048 /* A0SHA.swift */ = {isa = PBXFileReference; lastKnownFileType = sourcecode.swift; path = A0SHA.swift; sourceTree = "<group>"; };
		EDABB91E2BA0CB6C00623911 /* PrivacyInfo.xcprivacy */ = {isa = PBXFileReference; lastKnownFileType = text.xml; path = PrivacyInfo.xcprivacy; sourceTree = "<group>"; };
		EDF15CBF2CA5AB0000170C76 /* GuardianTests.xctestplan */ = {isa = PBXFileReference; lastKnownFileType = text; path = GuardianTests.xctestplan; sourceTree = "<group>"; };
/* End PBXFileReference section */

/* Begin PBXFrameworksBuildPhase section */
		5F2037C91D5E1E3E0005D2E2 /* Frameworks */ = {
			isa = PBXFrameworksBuildPhase;
			buildActionMask = 2147483647;
			files = (
			);
			runOnlyForDeploymentPostprocessing = 0;
		};
		5F2037D41D5E1E3E0005D2E2 /* Frameworks */ = {
			isa = PBXFrameworksBuildPhase;
			buildActionMask = 2147483647;
			files = (
				5F2037D81D5E1E3E0005D2E2 /* Guardian.framework in Frameworks */,
				5C19E564266515D100F167EC /* Nimble.xcframework in Frameworks */,
				5C19E566266515D100F167EC /* Quick.xcframework in Frameworks */,
			);
			runOnlyForDeploymentPostprocessing = 0;
		};
		5F2037E81D5E22590005D2E2 /* Frameworks */ = {
			isa = PBXFrameworksBuildPhase;
			buildActionMask = 2147483647;
			files = (
				23FE50831D949EC400407A1D /* Guardian.framework in Frameworks */,
				5C19E55D266515A600F167EC /* SimpleKeychain.xcframework in Frameworks */,
			);
			runOnlyForDeploymentPostprocessing = 0;
		};
/* End PBXFrameworksBuildPhase section */

/* Begin PBXGroup section */
		2374A9F11D672E4200737F2E /* Utils */ = {
			isa = PBXGroup;
			children = (
				5F1DB45E1DA4757800264437 /* Constants.swift */,
				2374A9F21D672E4F00737F2E /* Responses.swift */,
				2374A9F41D67339E00737F2E /* Matchers.swift */,
				23C67AEB1D81D6A400A38A2E /* MockNSURLSession.swift */,
				5F1604E921066B2B00B0F25B /* Keys+Utils.swift */,
				ED1E39A42B7E6C1300E8609A /* MockURLProtocol.swift */,
				ED1E39A62B822A2500E8609A /* MockURLResponse.swift */,
				ED1E39A82B82A9B100E8609A /* MockURLProtocolCondition.swift */,
			);
			name = Utils;
			sourceTree = "<group>";
		};
		5F07A59E210F988500819FA2 /* Enrollment */ = {
			isa = PBXGroup;
			children = (
				5F07A59F210F989100819FA2 /* EnrolledDeviceSpec.swift */,
			);
			path = Enrollment;
			sourceTree = "<group>";
		};
		5F07A5A1210F9A0700819FA2 /* API */ = {
			isa = PBXGroup;
			children = (
				5F07A5A2210F9A1200819FA2 /* NoContentSpec.swift */,
				5F07A5A7210FA08B00819FA2 /* RequestSpec.swift */,
				5F07A5AB210FD09F00819FA2 /* GuardianErrorSpec.swift */,
			);
			path = API;
			sourceTree = "<group>";
		};
		5F1604D1210661A300B0F25B /* Keys */ = {
			isa = PBXGroup;
			children = (
				5F1604C82106493600B0F25B /* SigningKeyStorageSpec.swift */,
				5F1604D2210661D700B0F25B /* KeychainRSAPrivateKeyCreationSpec.swift */,
				5F1604D4210662CF00B0F25B /* DataRSAPrivateKeyCreationSpec.swift */,
				5F1604EB2106709B00B0F25B /* DataRSAPrivateKeySpec.swift */,
				5F1604ED210673E700B0F25B /* ASNPublicKeyDecodableSpec.swift */,
				5F1604EF2106831C00B0F25B /* AsymmetricPublicKeySpec.swift */,
				5F1604F12106855F00B0F25B /* KeychainRSAPrivateKeySpec.swift */,
			);
			path = Keys;
			sourceTree = "<group>";
		};
		5F1604DE21066A4F00B0F25B /* Data */ = {
			isa = PBXGroup;
			children = (
				5F1604DF21066A4F00B0F25B /* guardian-test.private.pem */,
				5F1604E021066A4F00B0F25B /* guardian-test.public.pem */,
				5F1604E121066A4F00B0F25B /* guardian-test.public.json */,
				5F1604E321066A4F00B0F25B /* README.md */,
			);
			path = Data;
			sourceTree = "<group>";
		};
		5F1604F52107A8E700B0F25B /* Generators */ = {
			isa = PBXGroup;
			children = (
				5F1604F62107A93D00B0F25B /* OneTimePasswordGenerator.swift */,
			);
			path = Generators;
			sourceTree = "<group>";
		};
		5F1604F92107AEE100B0F25B /* Generators */ = {
			isa = PBXGroup;
			children = (
				5F1604FA2107AF2800B0F25B /* OneTimePasswordGeneratorSpec.swift */,
			);
			path = Generators;
			sourceTree = "<group>";
		};
		5F1604FC2108D0E800B0F25B /* Crypto */ = {
			isa = PBXGroup;
			children = (
				234004EE1D909C91009AB77C /* Base32.swift */,
				2331C0191DD5FC6F0047F1D4 /* Data+Base64URL.swift */,
				5F07A5A9210FAF9600819FA2 /* JWT.swift */,
				ED9C567E2C87297900FCB048 /* A0HMAC.swift */,
				ED9C56832C87437C00FCB048 /* A0RSA.swift */,
				ED9C56852C874A7C00FCB048 /* A0SHA.swift */,
			);
			path = Crypto;
			sourceTree = "<group>";
		};
		5F1604FD2108D0FE00B0F25B /* Keys */ = {
			isa = PBXGroup;
			children = (
				5FAE672021024CDA00F149A3 /* Keys.swift */,
				5FAE67242102509600F149A3 /* KeychainRSAPrivateKey.swift */,
				5FAE6726210250D000F149A3 /* DataRSAPrivateKey.swift */,
				5FAE6728210250E300F149A3 /* AsymmetricPublicKey.swift */,
				5F1604C221062BEA00B0F25B /* RSA+Utils.swift */,
				5F1604C4210636B500B0F25B /* ASNPublicKeyDecodable.swift */,
				5F1604C621063FA000B0F25B /* Keys+Generation.swift */,
			);
			path = Keys;
			sourceTree = "<group>";
		};
		5F1604FE2108D12000B0F25B /* Authentication */ = {
			isa = PBXGroup;
			children = (
				5F613387210126FF00BCC182 /* Notification */,
				5F1DB45A1DA4649600264437 /* Authentication.swift */,
				5F1604F321068FCC00B0F25B /* AuthenticationDevice.swift */,
			);
			path = Authentication;
			sourceTree = "<group>";
		};
		5F1604FF2108D13A00B0F25B /* Enrollment */ = {
			isa = PBXGroup;
			children = (
				23C67AED1D81EF5300A38A2E /* EnrolledDevice.swift */,
				2356C82D1D88998A00B6C84A /* EnrollRequest.swift */,
			);
			path = Enrollment;
			sourceTree = "<group>";
		};
		5F1605002108D14900B0F25B /* API */ = {
			isa = PBXGroup;
			children = (
				2377A6421D806DFA00D6FB04 /* API.swift */,
				2374A9E01D670F5900737F2E /* APIClient.swift */,
				AB58F60E2CF9EE4A00E642F6 /* ConsentAPI.swift */,
				AB58F60F2CF9EE4A00E642F6 /* ConsentAPIClient.swift */,
				2377A6401D806D9900D6FB04 /* DeviceAPI.swift */,
				232A85D91D6BDFCA00048DF7 /* DeviceAPIClient.swift */,
				5F07A58E210A6E5900819FA2 /* NoContent.swift */,
				5F07A59A210F779300819FA2 /* Request.swift */,
				5F07A59C210F849E00819FA2 /* GuardianError.swift */,
				5F07A5AD2110C2C100819FA2 /* Models.swift */,
			);
			path = API;
			sourceTree = "<group>";
		};
		5F1605012108D15600B0F25B /* Networking */ = {
			isa = PBXGroup;
			children = (
				2374A9EE1D672ABD00737F2E /* Result.swift */,
				5FF42BA421091AD10082459F /* NetworkOperation.swift */,
				5F07A58421092C7D00819FA2 /* ClientInfo.swift */,
				5F07A588210A57C200819FA2 /* Events.swift */,
				5F07A58A210A6D5A00819FA2 /* Additions.swift */,
				5F07A58C210A6DF000819FA2 /* CodableAdditions.swift */,
				5F07A590210A6E8400819FA2 /* NetworkError.swift */,
				5F07A596210F672200819FA2 /* NoContentDecoder.swift */,
				5F07A598210F6D1900819FA2 /* Operation.swift */,
			);
			path = Networking;
			sourceTree = "<group>";
		};
		5F2037C31D5E1E3E0005D2E2 = {
			isa = PBXGroup;
			children = (
				5F2037CF1D5E1E3E0005D2E2 /* Guardian */,
				5F2037DB1D5E1E3E0005D2E2 /* GuardianTests */,
				5F2037EC1D5E22590005D2E2 /* GuardianApp */,
				5F2037FD1D5E40A90005D2E2 /* Frameworks */,
				5F2037CE1D5E1E3E0005D2E2 /* Products */,
				5F20380B1D5E41E20005D2E2 /* Support Files */,
			);
			sourceTree = "<group>";
		};
		5F2037CE1D5E1E3E0005D2E2 /* Products */ = {
			isa = PBXGroup;
			children = (
				5F2037CD1D5E1E3E0005D2E2 /* Guardian.framework */,
				5F2037D71D5E1E3E0005D2E2 /* GuardianTests.xctest */,
				5F2037EB1D5E22590005D2E2 /* GuardianApp.app */,
			);
			name = Products;
			sourceTree = "<group>";
		};
		5F2037CF1D5E1E3E0005D2E2 /* Guardian */ = {
			isa = PBXGroup;
			children = (
				5F1605002108D14900B0F25B /* API */,
				5F1604FF2108D13A00B0F25B /* Enrollment */,
				5F1604FE2108D12000B0F25B /* Authentication */,
				5F1604FD2108D0FE00B0F25B /* Keys */,
				5F1604F52107A8E700B0F25B /* Generators */,
				5F1605012108D15600B0F25B /* Networking */,
				5F1604FC2108D0E800B0F25B /* Crypto */,
				5F2037D01D5E1E3E0005D2E2 /* Guardian.h */,
				5F2037D21D5E1E3E0005D2E2 /* Info.plist */,
				237246741D7DC63B00CCF635 /* Guardian.swift */,
				EDABB91E2BA0CB6C00623911 /* PrivacyInfo.xcprivacy */,
			);
			path = Guardian;
			sourceTree = "<group>";
		};
		5F2037DB1D5E1E3E0005D2E2 /* GuardianTests */ = {
			isa = PBXGroup;
			children = (
				EDF15CBF2CA5AB0000170C76 /* GuardianTests.xctestplan */,
				5F07A5A1210F9A0700819FA2 /* API */,
				5F07A59E210F988500819FA2 /* Enrollment */,
				5FF42BA621091EF20082459F /* Networking */,
				5F1604F92107AEE100B0F25B /* Generators */,
				5F1604DE21066A4F00B0F25B /* Data */,
				5F1604D1210661A300B0F25B /* Keys */,
				2374A9F11D672E4200737F2E /* Utils */,
				5F2037DE1D5E1E3E0005D2E2 /* Info.plist */,
				2374A9EA1D67175200737F2E /* APIClientSpec.swift */,
				2356C82F1D88A10600B6C84A /* GuardianSpec.swift */,
				23D3E43F1D91BEA200F3FDE2 /* Base32Spec.swift */,
				233F75281D93076600B8C15C /* NotificationSpec.swift */,
				AB9381842D03359700C47B1E /* ConsentSpec.swift */,
				5F1DB45C1DA4750F00264437 /* AuthenticationSpec.swift */,
				2331BFEC1DD52ED50047F1D4 /* JWTSpec.swift */,
			);
			path = GuardianTests;
			sourceTree = "<group>";
		};
		5F2037EC1D5E22590005D2E2 /* GuardianApp */ = {
			isa = PBXGroup;
			children = (
				234B25AD1D9D554800078FA0 /* GuardianApp.entitlements */,
				5F2037ED1D5E22590005D2E2 /* AppDelegate.swift */,
				5F2037EF1D5E22590005D2E2 /* ViewController.swift */,
				5F2037F11D5E22590005D2E2 /* Main.storyboard */,
				5F2037F41D5E22590005D2E2 /* Assets.xcassets */,
				5F2037F61D5E22590005D2E2 /* LaunchScreen.storyboard */,
				5F2037F91D5E22590005D2E2 /* Info.plist */,
				234B25B11D9DA37D00078FA0 /* NotificationController.swift */,
				5F07A592210F567900819FA2 /* State.swift */,
				ED7B279E2B682A2700788920 /* QRCodeReaderViewController.swift */,
			);
			path = GuardianApp;
			sourceTree = "<group>";
		};
		5F2037FD1D5E40A90005D2E2 /* Frameworks */ = {
			isa = PBXGroup;
			children = (
				5C19E561266515D000F167EC /* Nimble.xcframework */,
				5C19E563266515D100F167EC /* Quick.xcframework */,
				5C19E55B266515A600F167EC /* SimpleKeychain.xcframework */,
			);
			name = Frameworks;
			sourceTree = "<group>";
		};
		5F20380B1D5E41E20005D2E2 /* Support Files */ = {
			isa = PBXGroup;
			children = (
				ED8B7C982C7F5AA200CBCF8C /* Package.swift */,
				5F2038181D5E46210005D2E2 /* Gemfile */,
				5F2038111D5E42AD0005D2E2 /* .gitignore */,
				5F20380C1D5E421F0005D2E2 /* Cartfile.resolved */,
				5F20380D1D5E421F0005D2E2 /* Cartfile.private */,
				5F20380E1D5E421F0005D2E2 /* LICENSE */,
				5F20380F1D5E421F0005D2E2 /* README.md */,
			);
			name = "Support Files";
			sourceTree = "<group>";
		};
		5F613387210126FF00BCC182 /* Notification */ = {
			isa = PBXGroup;
			children = (
				233F75261D92F27000B8C15C /* Notification.swift */,
				5F6133882101273300BCC182 /* AuthenticationCategory.swift */,
				5F61338A2101286200BCC182 /* AuthenticationNotification.swift */,
				5F61338C2101289E00BCC182 /* AuthenticationSource.swift */,
				5F61338E210128C800BCC182 /* AuthenticationLocation.swift */,
			);
			path = Notification;
			sourceTree = "<group>";
		};
		5FF42BA621091EF20082459F /* Networking */ = {
			isa = PBXGroup;
			children = (
				5FF42BA721091F150082459F /* NetworkOperationSpec.swift */,
				5F07A58621092F2300819FA2 /* ClientInfoSpec.swift */,
				5F07A5A5210F9C6C00819FA2 /* NoContentDecoderSpec.swift */,
			);
			path = Networking;
			sourceTree = "<group>";
		};
/* End PBXGroup section */

/* Begin PBXHeadersBuildPhase section */
		5F2037CA1D5E1E3E0005D2E2 /* Headers */ = {
			isa = PBXHeadersBuildPhase;
			buildActionMask = 2147483647;
			files = (
				5F2037D11D5E1E3E0005D2E2 /* Guardian.h in Headers */,
			);
			runOnlyForDeploymentPostprocessing = 0;
		};
/* End PBXHeadersBuildPhase section */

/* Begin PBXNativeTarget section */
		5F2037CC1D5E1E3E0005D2E2 /* Guardian */ = {
			isa = PBXNativeTarget;
			buildConfigurationList = 5F2037E11D5E1E3E0005D2E2 /* Build configuration list for PBXNativeTarget "Guardian" */;
			buildPhases = (
				5F2037C81D5E1E3E0005D2E2 /* Sources */,
				5F2037C91D5E1E3E0005D2E2 /* Frameworks */,
				5F2037CA1D5E1E3E0005D2E2 /* Headers */,
				5F2037CB1D5E1E3E0005D2E2 /* Resources */,
			);
			buildRules = (
			);
			dependencies = (
			);
			name = Guardian;
			productName = Guardian;
			productReference = 5F2037CD1D5E1E3E0005D2E2 /* Guardian.framework */;
			productType = "com.apple.product-type.framework";
		};
		5F2037D61D5E1E3E0005D2E2 /* GuardianTests */ = {
			isa = PBXNativeTarget;
			buildConfigurationList = 5F2037E41D5E1E3E0005D2E2 /* Build configuration list for PBXNativeTarget "GuardianTests" */;
			buildPhases = (
				5F2037D31D5E1E3E0005D2E2 /* Sources */,
				5F2037D41D5E1E3E0005D2E2 /* Frameworks */,
				5F2037D51D5E1E3E0005D2E2 /* Resources */,
				5F2038071D5E40E20005D2E2 /* CopyFiles */,
			);
			buildRules = (
			);
			dependencies = (
				5F2037DA1D5E1E3E0005D2E2 /* PBXTargetDependency */,
				2331C0351DD6574C0047F1D4 /* PBXTargetDependency */,
			);
			name = GuardianTests;
			productName = GuardianTests;
			productReference = 5F2037D71D5E1E3E0005D2E2 /* GuardianTests.xctest */;
			productType = "com.apple.product-type.bundle.unit-test";
		};
		5F2037EA1D5E22590005D2E2 /* GuardianApp */ = {
			isa = PBXNativeTarget;
			buildConfigurationList = 5F2037FC1D5E22590005D2E2 /* Build configuration list for PBXNativeTarget "GuardianApp" */;
			buildPhases = (
				5F2037E71D5E22590005D2E2 /* Sources */,
				5F2037E81D5E22590005D2E2 /* Frameworks */,
				5F2037E91D5E22590005D2E2 /* Resources */,
				23FE50851D949EC400407A1D /* Embed Frameworks */,
			);
			buildRules = (
			);
			dependencies = (
				5F2038051D5E40D00005D2E2 /* PBXTargetDependency */,
			);
			name = GuardianApp;
			productName = GuardianApp;
			productReference = 5F2037EB1D5E22590005D2E2 /* GuardianApp.app */;
			productType = "com.apple.product-type.application";
		};
/* End PBXNativeTarget section */

/* Begin PBXProject section */
		5F2037C41D5E1E3E0005D2E2 /* Project object */ = {
			isa = PBXProject;
			attributes = {
				BuildIndependentTargetsInParallel = YES;
				LastSwiftUpdateCheck = 0810;
				LastUpgradeCheck = 1600;
				ORGANIZATIONNAME = Auth0;
				TargetAttributes = {
					5F2037CC1D5E1E3E0005D2E2 = {
						CreatedOnToolsVersion = 7.3.1;
						LastSwiftMigration = 1540;
						ProvisioningStyle = Manual;
					};
					5F2037D61D5E1E3E0005D2E2 = {
						CreatedOnToolsVersion = 7.3.1;
						LastSwiftMigration = 1540;
						TestTargetID = 5F2037EA1D5E22590005D2E2;
					};
					5F2037EA1D5E22590005D2E2 = {
						CreatedOnToolsVersion = 7.3.1;
						LastSwiftMigration = 1540;
						SystemCapabilities = {
							com.apple.Push = {
								enabled = 1;
							};
						};
					};
				};
			};
			buildConfigurationList = 5F2037C71D5E1E3E0005D2E2 /* Build configuration list for PBXProject "Guardian" */;
			compatibilityVersion = "Xcode 3.2";
			developmentRegion = en;
			hasScannedForEncodings = 0;
			knownRegions = (
				en,
				Base,
			);
			mainGroup = 5F2037C31D5E1E3E0005D2E2;
			productRefGroup = 5F2037CE1D5E1E3E0005D2E2 /* Products */;
			projectDirPath = "";
			projectRoot = "";
			targets = (
				5F2037CC1D5E1E3E0005D2E2 /* Guardian */,
				5F2037D61D5E1E3E0005D2E2 /* GuardianTests */,
				5F2037EA1D5E22590005D2E2 /* GuardianApp */,
			);
		};
/* End PBXProject section */

/* Begin PBXResourcesBuildPhase section */
		5F2037CB1D5E1E3E0005D2E2 /* Resources */ = {
			isa = PBXResourcesBuildPhase;
			buildActionMask = 2147483647;
			files = (
				EDABB9212BA1CB8700623911 /* PrivacyInfo.xcprivacy in Resources */,
			);
			runOnlyForDeploymentPostprocessing = 0;
		};
		5F2037D51D5E1E3E0005D2E2 /* Resources */ = {
			isa = PBXResourcesBuildPhase;
			buildActionMask = 2147483647;
			files = (
				5F1604E621066A4F00B0F25B /* guardian-test.public.json in Resources */,
				5F1604E421066A4F00B0F25B /* guardian-test.private.pem in Resources */,
				5F1604E821066A4F00B0F25B /* README.md in Resources */,
				5F1604E521066A4F00B0F25B /* guardian-test.public.pem in Resources */,
			);
			runOnlyForDeploymentPostprocessing = 0;
		};
		5F2037E91D5E22590005D2E2 /* Resources */ = {
			isa = PBXResourcesBuildPhase;
			buildActionMask = 2147483647;
			files = (
				5F2037F81D5E22590005D2E2 /* LaunchScreen.storyboard in Resources */,
				5F2037F51D5E22590005D2E2 /* Assets.xcassets in Resources */,
				5F2037F31D5E22590005D2E2 /* Main.storyboard in Resources */,
			);
			runOnlyForDeploymentPostprocessing = 0;
		};
/* End PBXResourcesBuildPhase section */

/* Begin PBXSourcesBuildPhase section */
		5F2037C81D5E1E3E0005D2E2 /* Sources */ = {
			isa = PBXSourcesBuildPhase;
			buildActionMask = 2147483647;
			files = (
				2374A9E41D670F5900737F2E /* APIClient.swift in Sources */,
				5F1604F72107A93D00B0F25B /* OneTimePasswordGenerator.swift in Sources */,
				5F07A58F210A6E5900819FA2 /* NoContent.swift in Sources */,
				234004EF1D909C91009AB77C /* Base32.swift in Sources */,
				2374A9EF1D672ABD00737F2E /* Result.swift in Sources */,
				5F07A589210A57C200819FA2 /* Events.swift in Sources */,
				237246751D7DC63B00CCF635 /* Guardian.swift in Sources */,
				2377A6411D806D9900D6FB04 /* DeviceAPI.swift in Sources */,
				5FF42BA521091AD10082459F /* NetworkOperation.swift in Sources */,
				5F1DB45B1DA4649600264437 /* Authentication.swift in Sources */,
				5F07A59D210F849E00819FA2 /* GuardianError.swift in Sources */,
				5F1604F421068FCC00B0F25B /* AuthenticationDevice.swift in Sources */,
				5F61338F210128C800BCC182 /* AuthenticationLocation.swift in Sources */,
				5F07A591210A6E8400819FA2 /* NetworkError.swift in Sources */,
				2356C82E1D88998A00B6C84A /* EnrollRequest.swift in Sources */,
				5F1604C321062BEA00B0F25B /* RSA+Utils.swift in Sources */,
				5F07A59B210F779300819FA2 /* Request.swift in Sources */,
				5F61338D2101289E00BCC182 /* AuthenticationSource.swift in Sources */,
				233F75271D92F27000B8C15C /* Notification.swift in Sources */,
				23C67AEE1D81EF5300A38A2E /* EnrolledDevice.swift in Sources */,
				5F07A5AA210FAF9600819FA2 /* JWT.swift in Sources */,
				5F07A58D210A6DF000819FA2 /* CodableAdditions.swift in Sources */,
				5F07A58521092C7D00819FA2 /* ClientInfo.swift in Sources */,
				AB58F6102CF9EE4A00E642F6 /* ConsentAPI.swift in Sources */,
				AB58F6112CF9EE4A00E642F6 /* ConsentAPIClient.swift in Sources */,
				5F07A599210F6D1900819FA2 /* Operation.swift in Sources */,
				5F1604C721063FA000B0F25B /* Keys+Generation.swift in Sources */,
				ED9C56862C874A7C00FCB048 /* A0SHA.swift in Sources */,
				2331C01A1DD5FC6F0047F1D4 /* Data+Base64URL.swift in Sources */,
				5F1604C5210636B500B0F25B /* ASNPublicKeyDecodable.swift in Sources */,
				5FAE6727210250D000F149A3 /* DataRSAPrivateKey.swift in Sources */,
				5FAE672121024CDA00F149A3 /* Keys.swift in Sources */,
				5F61338B2101286200BCC182 /* AuthenticationNotification.swift in Sources */,
				5FAE6729210250E300F149A3 /* AsymmetricPublicKey.swift in Sources */,
				5FAE67252102509600F149A3 /* KeychainRSAPrivateKey.swift in Sources */,
				ED9C56802C8740E700FCB048 /* A0HMAC.swift in Sources */,
				ED9C56842C87437C00FCB048 /* A0RSA.swift in Sources */,
				5F6133892101273300BCC182 /* AuthenticationCategory.swift in Sources */,
				5F07A5AE2110C2C100819FA2 /* Models.swift in Sources */,
				5F07A58B210A6D5A00819FA2 /* Additions.swift in Sources */,
				5F07A597210F672200819FA2 /* NoContentDecoder.swift in Sources */,
				2377A6431D806DFA00D6FB04 /* API.swift in Sources */,
				232A85DA1D6BDFCA00048DF7 /* DeviceAPIClient.swift in Sources */,
			);
			runOnlyForDeploymentPostprocessing = 0;
		};
		5F2037D31D5E1E3E0005D2E2 /* Sources */ = {
			isa = PBXSourcesBuildPhase;
			buildActionMask = 2147483647;
			files = (
				5F1604D3210661D700B0F25B /* KeychainRSAPrivateKeyCreationSpec.swift in Sources */,
				5F1604D5210662CF00B0F25B /* DataRSAPrivateKeyCreationSpec.swift in Sources */,
				5F1604EA21066B2B00B0F25B /* Keys+Utils.swift in Sources */,
				ED1E39A52B7E6C1300E8609A /* MockURLProtocol.swift in Sources */,
				ED1E39A72B822A2500E8609A /* MockURLResponse.swift in Sources */,
				5F1DB45F1DA4757800264437 /* Constants.swift in Sources */,
				5F07A58721092F2300819FA2 /* ClientInfoSpec.swift in Sources */,
				5F1604EE210673E700B0F25B /* ASNPublicKeyDecodableSpec.swift in Sources */,
				2356C8301D88A10600B6C84A /* GuardianSpec.swift in Sources */,
				2374A9F51D67339E00737F2E /* Matchers.swift in Sources */,
				23C67AEC1D81D6A400A38A2E /* MockNSURLSession.swift in Sources */,
				AB9381852D03359700C47B1E /* ConsentSpec.swift in Sources */,
				5F1604FB2107AF2800B0F25B /* OneTimePasswordGeneratorSpec.swift in Sources */,
				ED1E39A92B82A9B100E8609A /* MockURLProtocolCondition.swift in Sources */,
				5F1604C92106493600B0F25B /* SigningKeyStorageSpec.swift in Sources */,
				5F7969341DDABDDE006AC7BA /* AuthenticationSpec.swift in Sources */,
				5F07A5AC210FD09F00819FA2 /* GuardianErrorSpec.swift in Sources */,
				2374A9F31D672E4F00737F2E /* Responses.swift in Sources */,
				5F07A5A0210F989100819FA2 /* EnrolledDeviceSpec.swift in Sources */,
				5FF42BA821091F150082459F /* NetworkOperationSpec.swift in Sources */,
				233F75291D93076600B8C15C /* NotificationSpec.swift in Sources */,
				5F7969371DDAC074006AC7BA /* JWTSpec.swift in Sources */,
				2374A9EB1D67175200737F2E /* APIClientSpec.swift in Sources */,
				5F07A5A3210F9A1200819FA2 /* NoContentSpec.swift in Sources */,
				23D3E4401D91BEA200F3FDE2 /* Base32Spec.swift in Sources */,
				5F1604F02106831C00B0F25B /* AsymmetricPublicKeySpec.swift in Sources */,
				5F1604F22106855F00B0F25B /* KeychainRSAPrivateKeySpec.swift in Sources */,
				5F07A5A8210FA08B00819FA2 /* RequestSpec.swift in Sources */,
				5F07A5A6210F9C6C00819FA2 /* NoContentDecoderSpec.swift in Sources */,
				5F1604EC2106709B00B0F25B /* DataRSAPrivateKeySpec.swift in Sources */,
			);
			runOnlyForDeploymentPostprocessing = 0;
		};
		5F2037E71D5E22590005D2E2 /* Sources */ = {
			isa = PBXSourcesBuildPhase;
			buildActionMask = 2147483647;
			files = (
				234B25B21D9DA37D00078FA0 /* NotificationController.swift in Sources */,
				ED7B279F2B682A2700788920 /* QRCodeReaderViewController.swift in Sources */,
				5F2037F01D5E22590005D2E2 /* ViewController.swift in Sources */,
				5F2037EE1D5E22590005D2E2 /* AppDelegate.swift in Sources */,
				5F07A593210F567900819FA2 /* State.swift in Sources */,
			);
			runOnlyForDeploymentPostprocessing = 0;
		};
/* End PBXSourcesBuildPhase section */

/* Begin PBXTargetDependency section */
		2331C0351DD6574C0047F1D4 /* PBXTargetDependency */ = {
			isa = PBXTargetDependency;
			target = 5F2037EA1D5E22590005D2E2 /* GuardianApp */;
			targetProxy = 2331C0341DD6574C0047F1D4 /* PBXContainerItemProxy */;
		};
		5F2037DA1D5E1E3E0005D2E2 /* PBXTargetDependency */ = {
			isa = PBXTargetDependency;
			target = 5F2037CC1D5E1E3E0005D2E2 /* Guardian */;
			targetProxy = 5F2037D91D5E1E3E0005D2E2 /* PBXContainerItemProxy */;
		};
		5F2038051D5E40D00005D2E2 /* PBXTargetDependency */ = {
			isa = PBXTargetDependency;
			target = 5F2037CC1D5E1E3E0005D2E2 /* Guardian */;
			targetProxy = 5F2038041D5E40D00005D2E2 /* PBXContainerItemProxy */;
		};
/* End PBXTargetDependency section */

/* Begin PBXVariantGroup section */
		5F2037F11D5E22590005D2E2 /* Main.storyboard */ = {
			isa = PBXVariantGroup;
			children = (
				5F2037F21D5E22590005D2E2 /* Base */,
			);
			name = Main.storyboard;
			sourceTree = "<group>";
		};
		5F2037F61D5E22590005D2E2 /* LaunchScreen.storyboard */ = {
			isa = PBXVariantGroup;
			children = (
				5F2037F71D5E22590005D2E2 /* Base */,
			);
			name = LaunchScreen.storyboard;
			sourceTree = "<group>";
		};
/* End PBXVariantGroup section */

/* Begin XCBuildConfiguration section */
		5F2037DF1D5E1E3E0005D2E2 /* Debug */ = {
			isa = XCBuildConfiguration;
			buildSettings = {
				ALWAYS_SEARCH_USER_PATHS = NO;
				ASSETCATALOG_COMPILER_GENERATE_SWIFT_ASSET_SYMBOL_EXTENSIONS = YES;
				CLANG_ANALYZER_NONNULL = YES;
				CLANG_CXX_LANGUAGE_STANDARD = "gnu++0x";
				CLANG_CXX_LIBRARY = "libc++";
				CLANG_ENABLE_MODULES = YES;
				CLANG_ENABLE_OBJC_ARC = YES;
				CLANG_WARN_BLOCK_CAPTURE_AUTORELEASING = YES;
				CLANG_WARN_BOOL_CONVERSION = YES;
				CLANG_WARN_COMMA = YES;
				CLANG_WARN_CONSTANT_CONVERSION = YES;
				CLANG_WARN_DEPRECATED_OBJC_IMPLEMENTATIONS = YES;
				CLANG_WARN_DIRECT_OBJC_ISA_USAGE = YES_ERROR;
				CLANG_WARN_EMPTY_BODY = YES;
				CLANG_WARN_ENUM_CONVERSION = YES;
				CLANG_WARN_INFINITE_RECURSION = YES;
				CLANG_WARN_INT_CONVERSION = YES;
				CLANG_WARN_NON_LITERAL_NULL_CONVERSION = YES;
				CLANG_WARN_OBJC_IMPLICIT_RETAIN_SELF = YES;
				CLANG_WARN_OBJC_LITERAL_CONVERSION = YES;
				CLANG_WARN_OBJC_ROOT_CLASS = YES_ERROR;
				CLANG_WARN_QUOTED_INCLUDE_IN_FRAMEWORK_HEADER = YES;
				CLANG_WARN_RANGE_LOOP_ANALYSIS = YES;
				CLANG_WARN_STRICT_PROTOTYPES = NO;
				CLANG_WARN_SUSPICIOUS_MOVE = YES;
				CLANG_WARN_UNREACHABLE_CODE = YES;
				CLANG_WARN__DUPLICATE_METHOD_MATCH = YES;
				"CODE_SIGN_IDENTITY[sdk=iphoneos*]" = "iPhone Developer: Mobile AuthZero (X5BFYSM6EU)";
				COPY_PHASE_STRIP = NO;
				CURRENT_PROJECT_VERSION = 1;
				DEBUG_INFORMATION_FORMAT = dwarf;
				ENABLE_STRICT_OBJC_MSGSEND = YES;
				ENABLE_TESTABILITY = YES;
				ENABLE_USER_SCRIPT_SANDBOXING = YES;
				GCC_C_LANGUAGE_STANDARD = gnu99;
				GCC_DYNAMIC_NO_PIC = NO;
				GCC_NO_COMMON_BLOCKS = YES;
				GCC_OPTIMIZATION_LEVEL = 0;
				GCC_PREPROCESSOR_DEFINITIONS = (
					"DEBUG=1",
					"$(inherited)",
				);
				GCC_WARN_64_TO_32_BIT_CONVERSION = YES;
				GCC_WARN_ABOUT_RETURN_TYPE = YES_ERROR;
				GCC_WARN_UNDECLARED_SELECTOR = YES;
				GCC_WARN_UNINITIALIZED_AUTOS = YES_AGGRESSIVE;
				GCC_WARN_UNUSED_FUNCTION = YES;
				GCC_WARN_UNUSED_VARIABLE = YES;
				IPHONEOS_DEPLOYMENT_TARGET = 12.0;
				MTL_ENABLE_DEBUG_INFO = YES;
				ONLY_ACTIVE_ARCH = YES;
				SDKROOT = iphoneos;
				SWIFT_OPTIMIZATION_LEVEL = "-Onone";
				TARGETED_DEVICE_FAMILY = "1,2";
				VERSIONING_SYSTEM = "apple-generic";
				VERSION_INFO_PREFIX = "";
			};
			name = Debug;
		};
		5F2037E01D5E1E3E0005D2E2 /* Release */ = {
			isa = XCBuildConfiguration;
			buildSettings = {
				ALWAYS_SEARCH_USER_PATHS = NO;
				ASSETCATALOG_COMPILER_GENERATE_SWIFT_ASSET_SYMBOL_EXTENSIONS = YES;
				CLANG_ANALYZER_NONNULL = YES;
				CLANG_CXX_LANGUAGE_STANDARD = "gnu++0x";
				CLANG_CXX_LIBRARY = "libc++";
				CLANG_ENABLE_MODULES = YES;
				CLANG_ENABLE_OBJC_ARC = YES;
				CLANG_WARN_BLOCK_CAPTURE_AUTORELEASING = YES;
				CLANG_WARN_BOOL_CONVERSION = YES;
				CLANG_WARN_COMMA = YES;
				CLANG_WARN_CONSTANT_CONVERSION = YES;
				CLANG_WARN_DEPRECATED_OBJC_IMPLEMENTATIONS = YES;
				CLANG_WARN_DIRECT_OBJC_ISA_USAGE = YES_ERROR;
				CLANG_WARN_EMPTY_BODY = YES;
				CLANG_WARN_ENUM_CONVERSION = YES;
				CLANG_WARN_INFINITE_RECURSION = YES;
				CLANG_WARN_INT_CONVERSION = YES;
				CLANG_WARN_NON_LITERAL_NULL_CONVERSION = YES;
				CLANG_WARN_OBJC_IMPLICIT_RETAIN_SELF = YES;
				CLANG_WARN_OBJC_LITERAL_CONVERSION = YES;
				CLANG_WARN_OBJC_ROOT_CLASS = YES_ERROR;
				CLANG_WARN_QUOTED_INCLUDE_IN_FRAMEWORK_HEADER = YES;
				CLANG_WARN_RANGE_LOOP_ANALYSIS = YES;
				CLANG_WARN_STRICT_PROTOTYPES = NO;
				CLANG_WARN_SUSPICIOUS_MOVE = YES;
				CLANG_WARN_UNREACHABLE_CODE = YES;
				CLANG_WARN__DUPLICATE_METHOD_MATCH = YES;
				"CODE_SIGN_IDENTITY[sdk=iphoneos*]" = "iPhone Developer: Mobile AuthZero (X5BFYSM6EU)";
				COPY_PHASE_STRIP = NO;
				CURRENT_PROJECT_VERSION = 1;
				DEBUG_INFORMATION_FORMAT = "dwarf-with-dsym";
				ENABLE_NS_ASSERTIONS = NO;
				ENABLE_STRICT_OBJC_MSGSEND = YES;
				ENABLE_USER_SCRIPT_SANDBOXING = YES;
				GCC_C_LANGUAGE_STANDARD = gnu99;
				GCC_NO_COMMON_BLOCKS = YES;
				GCC_WARN_64_TO_32_BIT_CONVERSION = YES;
				GCC_WARN_ABOUT_RETURN_TYPE = YES_ERROR;
				GCC_WARN_UNDECLARED_SELECTOR = YES;
				GCC_WARN_UNINITIALIZED_AUTOS = YES_AGGRESSIVE;
				GCC_WARN_UNUSED_FUNCTION = YES;
				GCC_WARN_UNUSED_VARIABLE = YES;
				IPHONEOS_DEPLOYMENT_TARGET = 12.0;
				MTL_ENABLE_DEBUG_INFO = NO;
				SDKROOT = iphoneos;
				SWIFT_COMPILATION_MODE = wholemodule;
				SWIFT_OPTIMIZATION_LEVEL = "-O";
				TARGETED_DEVICE_FAMILY = "1,2";
				VALIDATE_PRODUCT = YES;
				VERSIONING_SYSTEM = "apple-generic";
				VERSION_INFO_PREFIX = "";
			};
			name = Release;
		};
		5F2037E21D5E1E3E0005D2E2 /* Debug */ = {
			isa = XCBuildConfiguration;
			buildSettings = {
				CLANG_ENABLE_MODULES = YES;
				CODE_SIGN_IDENTITY = "";
				DEFINES_MODULE = YES;
				DEVELOPMENT_TEAM = "";
				DYLIB_COMPATIBILITY_VERSION = 1;
				DYLIB_CURRENT_VERSION = 1;
				DYLIB_INSTALL_NAME_BASE = "@rpath";
				ENABLE_MODULE_VERIFIER = YES;
				INFOPLIST_FILE = Guardian/Info.plist;
				INSTALL_PATH = "$(LOCAL_LIBRARY_DIR)/Frameworks";
				IPHONEOS_DEPLOYMENT_TARGET = 12.0;
				LD_RUNPATH_SEARCH_PATHS = (
					"$(inherited)",
					"@executable_path/Frameworks",
					"@loader_path/Frameworks",
				);
				MODULE_VERIFIER_SUPPORTED_LANGUAGE_STANDARDS = "gnu99 gnu++11";
				PRODUCT_BUNDLE_IDENTIFIER = com.auth0.sdk.Guardian;
				PRODUCT_NAME = "$(TARGET_NAME)";
				SKIP_INSTALL = YES;
				SWIFT_INSTALL_OBJC_HEADER = NO;
				SWIFT_OPTIMIZATION_LEVEL = "-Onone";
				SWIFT_VERSION = 5.0;
			};
			name = Debug;
		};
		5F2037E31D5E1E3E0005D2E2 /* Release */ = {
			isa = XCBuildConfiguration;
			buildSettings = {
				CLANG_ENABLE_MODULES = YES;
				CODE_SIGN_IDENTITY = "";
				DEFINES_MODULE = YES;
				DEVELOPMENT_TEAM = "";
				DYLIB_COMPATIBILITY_VERSION = 1;
				DYLIB_CURRENT_VERSION = 1;
				DYLIB_INSTALL_NAME_BASE = "@rpath";
				ENABLE_MODULE_VERIFIER = YES;
				INFOPLIST_FILE = Guardian/Info.plist;
				INSTALL_PATH = "$(LOCAL_LIBRARY_DIR)/Frameworks";
				IPHONEOS_DEPLOYMENT_TARGET = 12.0;
				LD_RUNPATH_SEARCH_PATHS = (
					"$(inherited)",
					"@executable_path/Frameworks",
					"@loader_path/Frameworks",
				);
				MODULE_VERIFIER_SUPPORTED_LANGUAGE_STANDARDS = "gnu99 gnu++11";
				PRODUCT_BUNDLE_IDENTIFIER = com.auth0.sdk.Guardian;
				PRODUCT_NAME = "$(TARGET_NAME)";
				SKIP_INSTALL = YES;
				SWIFT_INSTALL_OBJC_HEADER = NO;
				SWIFT_VERSION = 5.0;
			};
			name = Release;
		};
		5F2037E51D5E1E3E0005D2E2 /* Debug */ = {
			isa = XCBuildConfiguration;
			buildSettings = {
				CLANG_ENABLE_MODULES = YES;
				CODE_SIGN_IDENTITY = "Apple Development";
				CODE_SIGN_STYLE = Automatic;
				DEVELOPMENT_TEAM = 86WQXF56BC;
				FRAMEWORK_SEARCH_PATHS = "$(inherited)";
				INFOPLIST_FILE = GuardianTests/Info.plist;
				IPHONEOS_DEPLOYMENT_TARGET = 12.0;
				LD_RUNPATH_SEARCH_PATHS = (
					"$(inherited)",
					"@executable_path/Frameworks",
					"@loader_path/Frameworks",
				);
				PRODUCT_BUNDLE_IDENTIFIER = com.auth0.GuardianTests;
				PRODUCT_NAME = "$(TARGET_NAME)";
				PROVISIONING_PROFILE_SPECIFIER = "";
				SWIFT_OPTIMIZATION_LEVEL = "-Onone";
				SWIFT_VERSION = 5.0;
				TEST_HOST = "$(BUILT_PRODUCTS_DIR)/GuardianApp.app/GuardianApp";
			};
			name = Debug;
		};
		5F2037E61D5E1E3E0005D2E2 /* Release */ = {
			isa = XCBuildConfiguration;
			buildSettings = {
				CLANG_ENABLE_MODULES = YES;
				CODE_SIGN_IDENTITY = "Apple Development";
				CODE_SIGN_STYLE = Automatic;
				DEVELOPMENT_TEAM = 86WQXF56BC;
				FRAMEWORK_SEARCH_PATHS = "$(inherited)";
				INFOPLIST_FILE = GuardianTests/Info.plist;
				IPHONEOS_DEPLOYMENT_TARGET = 12.0;
				LD_RUNPATH_SEARCH_PATHS = (
					"$(inherited)",
					"@executable_path/Frameworks",
					"@loader_path/Frameworks",
				);
				PRODUCT_BUNDLE_IDENTIFIER = com.auth0.GuardianTests;
				PRODUCT_NAME = "$(TARGET_NAME)";
				PROVISIONING_PROFILE_SPECIFIER = "";
				SWIFT_VERSION = 5.0;
				TEST_HOST = "$(BUILT_PRODUCTS_DIR)/GuardianApp.app/GuardianApp";
			};
			name = Release;
		};
		5F2037FA1D5E22590005D2E2 /* Debug */ = {
			isa = XCBuildConfiguration;
			buildSettings = {
				ASSETCATALOG_COMPILER_APPICON_NAME = AppIcon;
				CLANG_ENABLE_MODULES = YES;
				CODE_SIGN_ENTITLEMENTS = GuardianApp/GuardianApp.entitlements;
				CODE_SIGN_IDENTITY = "Apple Development";
				"CODE_SIGN_IDENTITY[sdk=iphoneos*]" = "iPhone Developer";
				CODE_SIGN_STYLE = Manual;
				DEVELOPMENT_TEAM = "";
				"DEVELOPMENT_TEAM[sdk=iphoneos*]" = 86WQXF56BC;
				FRAMEWORK_SEARCH_PATHS = (
					"$(inherited)",
					"$(PROJECT_DIR)/Carthage/Build/**",
				);
				INFOPLIST_FILE = GuardianApp/Info.plist;
				IPHONEOS_DEPLOYMENT_TARGET = 12.0;
				LD_RUNPATH_SEARCH_PATHS = (
					"$(inherited)",
					"@executable_path/Frameworks",
				);
				PRODUCT_BUNDLE_IDENTIFIER = com.auth0.guardian.sample;
				PRODUCT_NAME = "$(TARGET_NAME)";
				PROVISIONING_PROFILE = "32df3887-3767-4b67-84a6-144aaf2ef2f2";
				PROVISIONING_PROFILE_SPECIFIER = "";
				"PROVISIONING_PROFILE_SPECIFIER[sdk=iphoneos*]" = "Guardian SDK Sample App";
				SWIFT_INSTALL_OBJC_HEADER = NO;
				SWIFT_OPTIMIZATION_LEVEL = "-Onone";
				SWIFT_VERSION = 5.0;
				TARGETED_DEVICE_FAMILY = 1;
			};
			name = Debug;
		};
		5F2037FB1D5E22590005D2E2 /* Release */ = {
			isa = XCBuildConfiguration;
			buildSettings = {
				ASSETCATALOG_COMPILER_APPICON_NAME = AppIcon;
				CLANG_ENABLE_MODULES = YES;
				CODE_SIGN_ENTITLEMENTS = GuardianApp/GuardianApp.entitlements;
				CODE_SIGN_IDENTITY = "Apple Development";
				"CODE_SIGN_IDENTITY[sdk=iphoneos*]" = "iPhone Developer";
				CODE_SIGN_STYLE = Manual;
				DEVELOPMENT_TEAM = "";
				"DEVELOPMENT_TEAM[sdk=iphoneos*]" = 86WQXF56BC;
				FRAMEWORK_SEARCH_PATHS = (
					"$(inherited)",
					"$(PROJECT_DIR)/Carthage/Build/**",
				);
				INFOPLIST_FILE = GuardianApp/Info.plist;
				IPHONEOS_DEPLOYMENT_TARGET = 12.0;
				LD_RUNPATH_SEARCH_PATHS = (
					"$(inherited)",
					"@executable_path/Frameworks",
				);
				PRODUCT_BUNDLE_IDENTIFIER = com.auth0.guardian.sample;
				PRODUCT_NAME = "$(TARGET_NAME)";
				PROVISIONING_PROFILE = "32df3887-3767-4b67-84a6-144aaf2ef2f2";
				PROVISIONING_PROFILE_SPECIFIER = "";
				"PROVISIONING_PROFILE_SPECIFIER[sdk=iphoneos*]" = "Guardian SDK Sample App";
				SWIFT_INSTALL_OBJC_HEADER = NO;
				SWIFT_VERSION = 5.0;
				TARGETED_DEVICE_FAMILY = 1;
			};
			name = Release;
		};
/* End XCBuildConfiguration section */

/* Begin XCConfigurationList section */
		5F2037C71D5E1E3E0005D2E2 /* Build configuration list for PBXProject "Guardian" */ = {
			isa = XCConfigurationList;
			buildConfigurations = (
				5F2037DF1D5E1E3E0005D2E2 /* Debug */,
				5F2037E01D5E1E3E0005D2E2 /* Release */,
			);
			defaultConfigurationIsVisible = 0;
			defaultConfigurationName = Release;
		};
		5F2037E11D5E1E3E0005D2E2 /* Build configuration list for PBXNativeTarget "Guardian" */ = {
			isa = XCConfigurationList;
			buildConfigurations = (
				5F2037E21D5E1E3E0005D2E2 /* Debug */,
				5F2037E31D5E1E3E0005D2E2 /* Release */,
			);
			defaultConfigurationIsVisible = 0;
			defaultConfigurationName = Release;
		};
		5F2037E41D5E1E3E0005D2E2 /* Build configuration list for PBXNativeTarget "GuardianTests" */ = {
			isa = XCConfigurationList;
			buildConfigurations = (
				5F2037E51D5E1E3E0005D2E2 /* Debug */,
				5F2037E61D5E1E3E0005D2E2 /* Release */,
			);
			defaultConfigurationIsVisible = 0;
			defaultConfigurationName = Release;
		};
		5F2037FC1D5E22590005D2E2 /* Build configuration list for PBXNativeTarget "GuardianApp" */ = {
			isa = XCConfigurationList;
			buildConfigurations = (
				5F2037FA1D5E22590005D2E2 /* Debug */,
				5F2037FB1D5E22590005D2E2 /* Release */,
			);
			defaultConfigurationIsVisible = 0;
			defaultConfigurationName = Release;
		};
/* End XCConfigurationList section */
	};
	rootObject = 5F2037C41D5E1E3E0005D2E2 /* Project object */;
}
